
Microsoft Visual Studio Solution File, Format Version 12.00
# Visual Studio 14
VisualStudioVersion = 14.0.25420.1
MinimumVisualStudioVersion = 10.0.40219.1
Project("{FAE04EC0-301F-11D3-BF4B-00C04F79EFBC}") = "CellarAutomat", "Life\CellarAutomat.csproj", "{ACCA44E9-4895-4852-97F2-C6BF4BD588CF}"
EndProject
Project("{FAE04EC0-301F-11D3-BF4B-00C04F79EFBC}") = "CellarAutomatForm", "Life_Forms\CellarAutomatForm.csproj", "{0120F5FE-A962-4A80-8AE6-E09A89ADA4BF}"
EndProject
Project("{FAE04EC0-301F-11D3-BF4B-00C04F79EFBC}") = "FastBitmap", "FastBitmap\FastBitmap.csproj", "{5A864AC4-B72D-4D74-BE4F-26D1C0541331}"
EndProject
Global
	GlobalSection(SolutionConfigurationPlatforms) = preSolution
		Debug|Any CPU = Debug|Any CPU
		Release|Any CPU = Release|Any CPU
	EndGlobalSection
	GlobalSection(ProjectConfigurationPlatforms) = postSolution
		{ACCA44E9-4895-4852-97F2-C6BF4BD588CF}.Debug|Any CPU.ActiveCfg = Debug|Any CPU
		{ACCA44E9-4895-4852-97F2-C6BF4BD588CF}.Debug|Any CPU.Build.0 = Debug|Any CPU
		{ACCA44E9-4895-4852-97F2-C6BF4BD588CF}.Release|Any CPU.ActiveCfg = Release|Any CPU
		{ACCA44E9-4895-4852-97F2-C6BF4BD588CF}.Release|Any CPU.Build.0 = Release|Any CPU
		{0120F5FE-A962-4A80-8AE6-E09A89ADA4BF}.Debug|Any CPU.ActiveCfg = Debug|Any CPU
		{0120F5FE-A962-4A80-8AE6-E09A89ADA4BF}.Debug|Any CPU.Build.0 = Debug|Any CPU
		{0120F5FE-A962-4A80-8AE6-E09A89ADA4BF}.Release|Any CPU.ActiveCfg = Release|Any CPU
		{0120F5FE-A962-4A80-8AE6-E09A89ADA4BF}.Release|Any CPU.Build.0 = Release|Any CPU
		{5A864AC4-B72D-4D74-BE4F-26D1C0541331}.Debug|Any CPU.ActiveCfg = Debug|Any CPU
		{5A864AC4-B72D-4D74-BE4F-26D1C0541331}.Debug|Any CPU.Build.0 = Debug|Any CPU
		{5A864AC4-B72D-4D74-BE4F-26D1C0541331}.Release|Any CPU.ActiveCfg = Release|Any CPU
		{5A864AC4-B72D-4D74-BE4F-26D1C0541331}.Release|Any CPU.Build.0 = Release|Any CPU
	EndGlobalSection
	GlobalSection(SolutionProperties) = preSolution
		HideSolutionNode = FALSE
	EndGlobalSection
EndGlobal
